apiVersion: local.storage.openshift.io/v1alpha1
kind: LocalVolumeSet
metadata:
  name: local-disks-block
  namespace: openshift-local-storage
spec:
  nodeSelector:
    nodeSelectorTerms:
      - matchExpressions:
          - key: kubernetes.io/hostname
            operator: In
            values:
              - se350-04.edge.lab
              - se350-05.edge.lab
              - se350-06.edge.lab
  storageClassName: local-disks-block
  volumeMode: Block
  deviceInclusionSpec:
    deviceTypes:
      - disk
      # - part
    minSize: 100G
