{
    "_meta": {
        "hash": {
            "sha256": "b89f47bc31c88ca53c110981e18616b1f2d52285bffcef5ea4f7bb94703f3bb8"
        },
        "pipfile-spec": 6,
        "requires": {
            "python_version": "3.9"
        },
        "sources": [
            {
                "name": "pypi",
                "url": "https://pypi.org/simple",
                "verify_ssl": true
            }
        ]
    },
    "default": {
        "joblib": {
            "hashes": [
                "sha256:091138ed78f800342968c523bdde947e7a305b8594b910a0fea2ab83c3c6d385",
                "sha256:e1cee4a79e4af22881164f218d4311f60074197fb707e082e803b61f6d137018"
            ],
            "markers": "python_version >= '3.7'",
            "version": "==1.2.0"
        },
        "lightgbm": {
            "hashes": [
                "sha256:02a40745c1972cf4a2cde764c7739228f45178c2237af2df40fde7063a58ac6a",
                "sha256:044f65664c1a32c98cb619bafa97d8cd9d93c2c2d5053376aadfe509a3a3e7fa",
                "sha256:10b8fbdcf851e4f68a1f02f38d99bdc44c7c7fb9b1a62dcf924a0d29ff73395c",
                "sha256:843dd37c00a1096a8898b80e368b3eef7f5a5d327d1fd9eb770b6f3c2e1edc49",
                "sha256:ef01e46939293a0a36729350a7384dc17a36880176d0f17d82b738bbe77e4528"
            ],
            "index": "pypi",
            "version": "==3.3.5"
        },
        "numpy": {
            "hashes": [
                "sha256:0ec87a7084caa559c36e0a2309e4ecb1baa03b687201d0a847c8b0ed476a7187",
                "sha256:1a7d6acc2e7524c9955e5c903160aa4ea083736fde7e91276b0e5d98e6332812",
                "sha256:202de8f38fc4a45a3eea4b63e2f376e5f2dc64ef0fa692838e31a808520efaf7",
                "sha256:210461d87fb02a84ef243cac5e814aad2b7f4be953b32cb53327bb49fd77fbb4",
                "sha256:2d926b52ba1367f9acb76b0df6ed21f0b16a1ad87c6720a1121674e5cf63e2b6",
                "sha256:352ee00c7f8387b44d19f4cada524586f07379c0d49270f87233983bc5087ca0",
                "sha256:35400e6a8d102fd07c71ed7dcadd9eb62ee9a6e84ec159bd48c28235bbb0f8e4",
                "sha256:3c1104d3c036fb81ab923f507536daedc718d0ad5a8707c6061cdfd6d184e570",
                "sha256:4719d5aefb5189f50887773699eaf94e7d1e02bf36c1a9d353d9f46703758ca4",
                "sha256:4749e053a29364d3452c034827102ee100986903263e89884922ef01a0a6fd2f",
                "sha256:5342cf6aad47943286afa6f1609cad9b4266a05e7f2ec408e2cf7aea7ff69d80",
                "sha256:56e48aec79ae238f6e4395886b5eaed058abb7231fb3361ddd7bfdf4eed54289",
                "sha256:76e3f4e85fc5d4fd311f6e9b794d0c00e7002ec122be271f2019d63376f1d385",
                "sha256:7776ea65423ca6a15255ba1872d82d207bd1e09f6d0894ee4a64678dd2204078",
                "sha256:784c6da1a07818491b0ffd63c6bbe5a33deaa0e25a20e1b3ea20cf0e43f8046c",
                "sha256:8535303847b89aa6b0f00aa1dc62867b5a32923e4d1681a35b5eef2d9591a463",
                "sha256:9a7721ec204d3a237225db3e194c25268faf92e19338a35f3a224469cb6039a3",
                "sha256:a1d3c026f57ceaad42f8231305d4653d5f05dc6332a730ae5c0bea3513de0950",
                "sha256:ab344f1bf21f140adab8e47fdbc7c35a477dc01408791f8ba00d018dd0bc5155",
                "sha256:ab5f23af8c16022663a652d3b25dcdc272ac3f83c3af4c02eb8b824e6b3ab9d7",
                "sha256:ae8d0be48d1b6ed82588934aaaa179875e7dc4f3d84da18d7eae6eb3f06c242c",
                "sha256:c91c4afd8abc3908e00a44b2672718905b8611503f7ff87390cc0ac3423fb096",
                "sha256:d5036197ecae68d7f491fcdb4df90082b0d4960ca6599ba2659957aafced7c17",
                "sha256:d6cc757de514c00b24ae8cf5c876af2a7c3df189028d68c0cb4eaa9cd5afc2bf",
                "sha256:d933fabd8f6a319e8530d0de4fcc2e6a61917e0b0c271fded460032db42a0fe4",
                "sha256:ea8282b9bcfe2b5e7d491d0bf7f3e2da29700cec05b49e64d6246923329f2b02",
                "sha256:ecde0f8adef7dfdec993fd54b0f78183051b6580f606111a6d789cd14c61ea0c",
                "sha256:f21c442fdd2805e91799fbe044a7b999b8571bb0ab0f7850d0cb9641a687092b"
            ],
            "markers": "python_version >= '3.8'",
            "version": "==1.24.3"
        },
        "scikit-learn": {
            "hashes": [
                "sha256:065e9673e24e0dc5113e2dd2b4ca30c9d8aa2fa90f4c0597241c93b63130d233",
                "sha256:2dd3ffd3950e3d6c0c0ef9033a9b9b32d910c61bd06cb8206303fb4514b88a49",
                "sha256:2e2642baa0ad1e8f8188917423dd73994bf25429f8893ddbe115be3ca3183584",
                "sha256:44b47a305190c28dd8dd73fc9445f802b6ea716669cfc22ab1eb97b335d238b1",
                "sha256:6477eed40dbce190f9f9e9d0d37e020815825b300121307942ec2110302b66a3",
                "sha256:6fe83b676f407f00afa388dd1fdd49e5c6612e551ed84f3b1b182858f09e987d",
                "sha256:7d5312d9674bed14f73773d2acf15a3272639b981e60b72c9b190a0cffed5bad",
                "sha256:7f69313884e8eb311460cc2f28676d5e400bd929841a2c8eb8742ae78ebf7c20",
                "sha256:8156db41e1c39c69aa2d8599ab7577af53e9e5e7a57b0504e116cc73c39138dd",
                "sha256:8429aea30ec24e7a8c7ed8a3fa6213adf3814a6efbea09e16e0a0c71e1a1a3d7",
                "sha256:8b0670d4224a3c2d596fd572fb4fa673b2a0ccfb07152688ebd2ea0b8c61025c",
                "sha256:953236889928d104c2ef14027539f5f2609a47ebf716b8cbe4437e85dce42744",
                "sha256:99cc01184e347de485bf253d19fcb3b1a3fb0ee4cea5ee3c43ec0cc429b6d29f",
                "sha256:9c710ff9f9936ba8a3b74a455ccf0dcf59b230caa1e9ba0223773c490cab1e51",
                "sha256:ad66c3848c0a1ec13464b2a95d0a484fd5b02ce74268eaa7e0c697b904f31d6c",
                "sha256:bf036ea7ef66115e0d49655f16febfa547886deba20149555a41d28f56fd6d3c",
                "sha256:dfeaf8be72117eb61a164ea6fc8afb6dfe08c6f90365bde2dc16456e4bc8e45f",
                "sha256:e6e574db9914afcb4e11ade84fab084536a895ca60aadea3041e85b8ac963edb",
                "sha256:ea061bf0283bf9a9f36ea3c5d3231ba2176221bbd430abd2603b1c3b2ed85c89",
                "sha256:fe0aa1a7029ed3e1dcbf4a5bc675aa3b1bc468d9012ecf6c6f081251ca47f590",
                "sha256:fe175ee1dab589d2e1033657c5b6bec92a8a3b69103e3dd361b58014729975c3"
            ],
            "markers": "python_version >= '3.8'",
            "version": "==1.2.2"
        },
        "scipy": {
            "hashes": [
                "sha256:049a8bbf0ad95277ffba9b3b7d23e5369cc39e66406d60422c8cfef40ccc8415",
                "sha256:07c3457ce0b3ad5124f98a86533106b643dd811dd61b548e78cf4c8786652f6f",
                "sha256:0f1564ea217e82c1bbe75ddf7285ba0709ecd503f048cb1236ae9995f64217bd",
                "sha256:1553b5dcddd64ba9a0d95355e63fe6c3fc303a8fd77c7bc91e77d61363f7433f",
                "sha256:15a35c4242ec5f292c3dd364a7c71a61be87a3d4ddcc693372813c0b73c9af1d",
                "sha256:1b4735d6c28aad3cdcf52117e0e91d6b39acd4272f3f5cd9907c24ee931ad601",
                "sha256:2cf9dfb80a7b4589ba4c40ce7588986d6d5cebc5457cad2c2880f6bc2d42f3a5",
                "sha256:39becb03541f9e58243f4197584286e339029e8908c46f7221abeea4b749fa88",
                "sha256:43b8e0bcb877faf0abfb613d51026cd5cc78918e9530e375727bf0625c82788f",
                "sha256:4b3f429188c66603a1a5c549fb414e4d3bdc2a24792e061ffbd607d3d75fd84e",
                "sha256:4c0ff64b06b10e35215abce517252b375e580a6125fd5fdf6421b98efbefb2d2",
                "sha256:51af417a000d2dbe1ec6c372dfe688e041a7084da4fdd350aeb139bd3fb55353",
                "sha256:5678f88c68ea866ed9ebe3a989091088553ba12c6090244fdae3e467b1139c35",
                "sha256:79c8e5a6c6ffaf3a2262ef1be1e108a035cf4f05c14df56057b64acc5bebffb6",
                "sha256:7ff7f37b1bf4417baca958d254e8e2875d0cc23aaadbe65b3d5b3077b0eb23ea",
                "sha256:aaea0a6be54462ec027de54fca511540980d1e9eea68b2d5c1dbfe084797be35",
                "sha256:bce5869c8d68cf383ce240e44c1d9ae7c06078a9396df68ce88a1230f93a30c1",
                "sha256:cd9f1027ff30d90618914a64ca9b1a77a431159df0e2a195d8a9e8a04c78abf9",
                "sha256:d925fa1c81b772882aa55bcc10bf88324dadb66ff85d548c71515f6689c6dac5",
                "sha256:e7354fd7527a4b0377ce55f286805b34e8c54b91be865bac273f527e1b839019",
                "sha256:fae8a7b898c42dffe3f7361c40d5952b6bf32d10c4569098d276b4c547905ee1"
            ],
            "markers": "python_version < '3.12' and python_version >= '3.8'",
            "version": "==1.10.1"
        },
        "threadpoolctl": {
            "hashes": [
                "sha256:8b99adda265feb6773280df41eece7b2e6561b772d21ffd52e372f999024907b",
                "sha256:a335baacfaa4400ae1f0d8e3a58d6674d2f8828e3716bb2802c44955ad391380"
            ],
            "markers": "python_version >= '3.6'",
            "version": "==3.1.0"
        },
        "wheel": {
            "hashes": [
                "sha256:cd1196f3faee2b31968d626e1731c94f99cbdb67cf5a46e4f5656cbee7738873",
                "sha256:d236b20e7cb522daf2390fa84c55eea81c5c30190f90f29ae2ca1ad8355bf247"
            ],
            "markers": "python_version >= '3.7'",
            "version": "==0.40.0"
        }
    },
    "develop": {}
}
